
Microsoft Visual Studio Solution File, Format Version 12.00
# Visual Studio Version 17
VisualStudioVersion = 17.0.32112.339
MinimumVisualStudioVersion = 10.0.40219.1
Project("{8BC9CEB8-8B4A-11D0-8D11-00A0C91BC942}") = "Tic Tac Toe1", "Tic Tac Toe1.vcxproj", "{B1AAB79F-2638-424D-B69C-5779DC9DB826}"
EndProject
Global
	GlobalSection(SolutionConfigurationPlatforms) = preSolution
		Debug|x64 = Debug|x64
		Debug|x86 = Debug|x86
		Release|x64 = Release|x64
		Release|x86 = Release|x86
	EndGlobalSection
	GlobalSection(ProjectConfigurationPlatforms) = postSolution
		{B1AAB79F-2638-424D-B69C-5779DC9DB826}.Debug|x64.ActiveCfg = Debug|x64
		{B1AAB79F-2638-424D-B69C-5779DC9DB826}.Debug|x64.Build.0 = Debug|x64
		{B1AAB79F-2638-424D-B69C-5779DC9DB826}.Debug|x86.ActiveCfg = Debug|Win32
		{B1AAB79F-2638-424D-B69C-5779DC9DB826}.Debug|x86.Build.0 = Debug|Win32
		{B1AAB79F-2638-424D-B69C-5779DC9DB826}.Release|x64.ActiveCfg = Release|x64
		{B1AAB79F-2638-424D-B69C-5779DC9DB826}.Release|x64.Build.0 = Release|x64
		{B1AAB79F-2638-424D-B69C-5779DC9DB826}.Release|x86.ActiveCfg = Release|Win32
		{B1AAB79F-2638-424D-B69C-5779DC9DB826}.Release|x86.Build.0 = Release|Win32
	EndGlobalSection
	GlobalSection(SolutionProperties) = preSolution
		HideSolutionNode = FALSE
	EndGlobalSection
	GlobalSection(ExtensibilityGlobals) = postSolution
		SolutionGuid = {2221CAB0-5D0F-4B92-B38F-E53BC304F1B1}
	EndGlobalSection
EndGlobal
